dependencies:
- name: backend
  repository: ""
  version: 0.1.0
- name: gateway
  repository: ""
  version: 0.1.0
- name: postgresql
  repository: https://charts.bitnami.com/bitnami
  version: 12.1.2
- name: traefik
  repository: https://traefik.github.io/charts
  version: 20.8.0
digest: sha256:c70982b67cb6a8065107bea00ff779bd004f208c628a59fde23b7b3e7d86a645
generated: "2022-12-21T11:49:45.080044-05:00"
