dependencies:
- name: backend
  repository: ""
  version: 0.1.0
- name: frontend
  repository: ""
  version: 0.1.0
- name: postgresql
  repository: https://charts.bitnami.com/bitnami
  version: 12.1.2
digest: sha256:ee136a68124163dcd3bdea831234713c9cd5dc0845a82045fcc255e71dcd0b07
generated: "2022-12-29T18:10:13.224709-05:00"
